
Microsoft Visual Studio Solution File, Format Version 12.00
# Visual Studio Version 17
VisualStudioVersion = 17.9.34728.123
MinimumVisualStudioVersion = 10.0.40219.1
Project("{FAE04EC0-301F-11D3-BF4B-00C04F79EFBC}") = "DataGridFilterDemo", "DataGridFilterDemo\DataGridFilterDemo.csproj", "{7044B04D-E20B-4E04-88AE-21B89782D7B5}"
EndProject
Global
	GlobalSection(SolutionConfigurationPlatforms) = preSolution
		Debug|Any CPU = Debug|Any CPU
		Release|Any CPU = Release|Any CPU
	EndGlobalSection
	GlobalSection(ProjectConfigurationPlatforms) = postSolution
		{7044B04D-E20B-4E04-88AE-21B89782D7B5}.Debug|Any CPU.ActiveCfg = Debug|Any CPU
		{7044B04D-E20B-4E04-88AE-21B89782D7B5}.Debug|Any CPU.Build.0 = Debug|Any CPU
		{7044B04D-E20B-4E04-88AE-21B89782D7B5}.Release|Any CPU.ActiveCfg = Release|Any CPU
		{7044B04D-E20B-4E04-88AE-21B89782D7B5}.Release|Any CPU.Build.0 = Release|Any CPU
	EndGlobalSection
	GlobalSection(SolutionProperties) = preSolution
		HideSolutionNode = FALSE
	EndGlobalSection
	GlobalSection(ExtensibilityGlobals) = postSolution
		SolutionGuid = {47B59A14-2141-46CC-9713-30616155263B}
	EndGlobalSection
EndGlobal
