
Microsoft Visual Studio Solution File, Format Version 12.00
# Visual Studio Version 17
VisualStudioVersion = 17.9.34728.123
MinimumVisualStudioVersion = 10.0.40219.1
Project("{FAE04EC0-301F-11D3-BF4B-00C04F79EFBC}") = "WpfDragDropDemo", "WpfDragDropDemo\WpfDragDropDemo.csproj", "{641C2B60-174D-4136-8CB8-7609B43F04B8}"
EndProject
Global
	GlobalSection(SolutionConfigurationPlatforms) = preSolution
		Debug|Any CPU = Debug|Any CPU
		Release|Any CPU = Release|Any CPU
	EndGlobalSection
	GlobalSection(ProjectConfigurationPlatforms) = postSolution
		{641C2B60-174D-4136-8CB8-7609B43F04B8}.Debug|Any CPU.ActiveCfg = Debug|Any CPU
		{641C2B60-174D-4136-8CB8-7609B43F04B8}.Debug|Any CPU.Build.0 = Debug|Any CPU
		{641C2B60-174D-4136-8CB8-7609B43F04B8}.Release|Any CPU.ActiveCfg = Release|Any CPU
		{641C2B60-174D-4136-8CB8-7609B43F04B8}.Release|Any CPU.Build.0 = Release|Any CPU
	EndGlobalSection
	GlobalSection(SolutionProperties) = preSolution
		HideSolutionNode = FALSE
	EndGlobalSection
	GlobalSection(ExtensibilityGlobals) = postSolution
		SolutionGuid = {AD77EF90-E330-429D-958C-7CBE907940FF}
	EndGlobalSection
EndGlobal
