
Microsoft Visual Studio Solution File, Format Version 12.00
# Visual Studio Version 17
VisualStudioVersion = 17.9.34728.123
MinimumVisualStudioVersion = 10.0.40219.1
Project("{FAE04EC0-301F-11D3-BF4B-00C04F79EFBC}") = "S7NetDemo", "S7NetDemo\S7NetDemo.csproj", "{A80FE8DE-5723-4DAB-9866-24303F0E10AE}"
EndProject
Global
	GlobalSection(SolutionConfigurationPlatforms) = preSolution
		Debug|Any CPU = Debug|Any CPU
		Release|Any CPU = Release|Any CPU
	EndGlobalSection
	GlobalSection(ProjectConfigurationPlatforms) = postSolution
		{A80FE8DE-5723-4DAB-9866-24303F0E10AE}.Debug|Any CPU.ActiveCfg = Debug|Any CPU
		{A80FE8DE-5723-4DAB-9866-24303F0E10AE}.Debug|Any CPU.Build.0 = Debug|Any CPU
		{A80FE8DE-5723-4DAB-9866-24303F0E10AE}.Release|Any CPU.ActiveCfg = Release|Any CPU
		{A80FE8DE-5723-4DAB-9866-24303F0E10AE}.Release|Any CPU.Build.0 = Release|Any CPU
	EndGlobalSection
	GlobalSection(SolutionProperties) = preSolution
		HideSolutionNode = FALSE
	EndGlobalSection
	GlobalSection(ExtensibilityGlobals) = postSolution
		SolutionGuid = {3EF3B5E6-BB62-4156-A557-4CD6C2882D5A}
	EndGlobalSection
EndGlobal
