
Microsoft Visual Studio Solution File, Format Version 12.00
# Visual Studio Version 17
VisualStudioVersion = 17.8.34330.188
MinimumVisualStudioVersion = 10.0.40219.1
Project("{FAE04EC0-301F-11D3-BF4B-00C04F79EFBC}") = "SuperSimpleTcpDemo", "SuperSimpleTcpDemo\SuperSimpleTcpDemo.csproj", "{56003457-D207-42B6-A18E-08E9D52BC743}"
EndProject
Global
	GlobalSection(SolutionConfigurationPlatforms) = preSolution
		Debug|Any CPU = Debug|Any CPU
		Release|Any CPU = Release|Any CPU
	EndGlobalSection
	GlobalSection(ProjectConfigurationPlatforms) = postSolution
		{56003457-D207-42B6-A18E-08E9D52BC743}.Debug|Any CPU.ActiveCfg = Debug|Any CPU
		{56003457-D207-42B6-A18E-08E9D52BC743}.Debug|Any CPU.Build.0 = Debug|Any CPU
		{56003457-D207-42B6-A18E-08E9D52BC743}.Release|Any CPU.ActiveCfg = Release|Any CPU
		{56003457-D207-42B6-A18E-08E9D52BC743}.Release|Any CPU.Build.0 = Release|Any CPU
	EndGlobalSection
	GlobalSection(SolutionProperties) = preSolution
		HideSolutionNode = FALSE
	EndGlobalSection
	GlobalSection(ExtensibilityGlobals) = postSolution
		SolutionGuid = {E59D55C9-B824-4CA2-8420-BC2AA1D14AEF}
	EndGlobalSection
EndGlobal
