
Microsoft Visual Studio Solution File, Format Version 12.00
# Visual Studio Version 17
VisualStudioVersion = 17.8.34330.188
MinimumVisualStudioVersion = 10.0.40219.1
Project("{FAE04EC0-301F-11D3-BF4B-00C04F79EFBC}") = "ImageSelectZoomDemo", "ImageSelectZoomDemo\ImageSelectZoomDemo.csproj", "{024EEF6D-AD6E-41E1-94ED-4D0FC18D745E}"
EndProject
Global
	GlobalSection(SolutionConfigurationPlatforms) = preSolution
		Debug|Any CPU = Debug|Any CPU
		Release|Any CPU = Release|Any CPU
	EndGlobalSection
	GlobalSection(ProjectConfigurationPlatforms) = postSolution
		{024EEF6D-AD6E-41E1-94ED-4D0FC18D745E}.Debug|Any CPU.ActiveCfg = Debug|Any CPU
		{024EEF6D-AD6E-41E1-94ED-4D0FC18D745E}.Debug|Any CPU.Build.0 = Debug|Any CPU
		{024EEF6D-AD6E-41E1-94ED-4D0FC18D745E}.Release|Any CPU.ActiveCfg = Release|Any CPU
		{024EEF6D-AD6E-41E1-94ED-4D0FC18D745E}.Release|Any CPU.Build.0 = Release|Any CPU
	EndGlobalSection
	GlobalSection(SolutionProperties) = preSolution
		HideSolutionNode = FALSE
	EndGlobalSection
	GlobalSection(ExtensibilityGlobals) = postSolution
		SolutionGuid = {1FD04063-DB79-4BB5-9BD7-D33DB5FDBD77}
	EndGlobalSection
EndGlobal
