
Microsoft Visual Studio Solution File, Format Version 12.00
# Visual Studio Version 17
VisualStudioVersion = 17.9.34728.123
MinimumVisualStudioVersion = 10.0.40219.1
Project("{FAE04EC0-301F-11D3-BF4B-00C04F79EFBC}") = "DataGridTextColorDemo", "DataGridTextColorDemo.csproj", "{B2F741F9-E92F-4343-8C49-6BC5EF4B3212}"
EndProject
Global
	GlobalSection(SolutionConfigurationPlatforms) = preSolution
		Debug|Any CPU = Debug|Any CPU
		Release|Any CPU = Release|Any CPU
	EndGlobalSection
	GlobalSection(ProjectConfigurationPlatforms) = postSolution
		{B2F741F9-E92F-4343-8C49-6BC5EF4B3212}.Debug|Any CPU.ActiveCfg = Debug|Any CPU
		{B2F741F9-E92F-4343-8C49-6BC5EF4B3212}.Debug|Any CPU.Build.0 = Debug|Any CPU
		{B2F741F9-E92F-4343-8C49-6BC5EF4B3212}.Release|Any CPU.ActiveCfg = Release|Any CPU
		{B2F741F9-E92F-4343-8C49-6BC5EF4B3212}.Release|Any CPU.Build.0 = Release|Any CPU
	EndGlobalSection
	GlobalSection(SolutionProperties) = preSolution
		HideSolutionNode = FALSE
	EndGlobalSection
	GlobalSection(ExtensibilityGlobals) = postSolution
		SolutionGuid = {88B3BABB-84D3-4A0A-8E27-D95D381A0B9E}
	EndGlobalSection
EndGlobal
